// !$*UTF8*$!
{
	archiveVersion = 1;
	classes = {
	};
	objectVersion = 56;
	objects = {

/* Begin PBXBuildFile section */
		A14DD77F2A7562DE003E0189 /* SavingsService.swift in Sources */ = {isa = PBXBuildFile; fileRef = A14DD77E2A7562DE003E0189 /* SavingsService.swift */; };
		A14DD7812A7563CE003E0189 /* SavingsGoal.swift in Sources */ = {isa = PBXBuildFile; fileRef = A14DD7802A7563CE003E0189 /* SavingsGoal.swift */; };
		A14DD7842A7564B2003E0189 /* SavingsGoals.swift in Sources */ = {isa = PBXBuildFile; fileRef = A14DD7832A7564B2003E0189 /* SavingsGoals.swift */; };
		A14DD7862A7591A7003E0189 /* MockSavingsService.swift in Sources */ = {isa = PBXBuildFile; fileRef = A14DD7852A7591A7003E0189 /* MockSavingsService.swift */; };
		A14DD7882A759245003E0189 /* SavingsGoal+Extensions.swift in Sources */ = {isa = PBXBuildFile; fileRef = A14DD7872A759245003E0189 /* SavingsGoal+Extensions.swift */; };
		A14F67DE2A75406900B91504 /* CurrencyAmountTests.swift in Sources */ = {isa = PBXBuildFile; fileRef = A14F67DD2A75406800B91504 /* CurrencyAmountTests.swift */; };
		A14F67E32A754DED00B91504 /* RoundUpViewModel.swift in Sources */ = {isa = PBXBuildFile; fileRef = A14F67E22A754DED00B91504 /* RoundUpViewModel.swift */; };
		A178FE272A7449760094D3AB /* Account+Extensions.swift in Sources */ = {isa = PBXBuildFile; fileRef = A178FE262A7449760094D3AB /* Account+Extensions.swift */; };
		A178FE292A744B8A0094D3AB /* XCTest+extensions.swift in Sources */ = {isa = PBXBuildFile; fileRef = A178FE282A744B8A0094D3AB /* XCTest+extensions.swift */; };
		A1887D492A74490700B6DC0C /* MockAccountsService.swift in Sources */ = {isa = PBXBuildFile; fileRef = A1887D472A7448DC00B6DC0C /* MockAccountsService.swift */; };
		A1C3A5152A7302A9009C3EA4 /* AccountsService.swift in Sources */ = {isa = PBXBuildFile; fileRef = A1C3A5142A7302A9009C3EA4 /* AccountsService.swift */; };
		A1C3A5172A744641009C3EA4 /* TransactionsService.swift in Sources */ = {isa = PBXBuildFile; fileRef = A1C3A5162A744641009C3EA4 /* TransactionsService.swift */; };
		A1E80C3B2A72E5F700DE7691 /* AppDelegate.swift in Sources */ = {isa = PBXBuildFile; fileRef = A1E80C3A2A72E5F700DE7691 /* AppDelegate.swift */; };
		A1E80C3D2A72E5F700DE7691 /* SceneDelegate.swift in Sources */ = {isa = PBXBuildFile; fileRef = A1E80C3C2A72E5F700DE7691 /* SceneDelegate.swift */; };
		A1E80C3F2A72E5F700DE7691 /* RoundUpViewController.swift in Sources */ = {isa = PBXBuildFile; fileRef = A1E80C3E2A72E5F700DE7691 /* RoundUpViewController.swift */; };
		A1E80C422A72E5F700DE7691 /* Main.storyboard in Resources */ = {isa = PBXBuildFile; fileRef = A1E80C402A72E5F700DE7691 /* Main.storyboard */; };
		A1E80C442A72E5FB00DE7691 /* Assets.xcassets in Resources */ = {isa = PBXBuildFile; fileRef = A1E80C432A72E5FB00DE7691 /* Assets.xcassets */; };
		A1E80C472A72E5FB00DE7691 /* LaunchScreen.storyboard in Resources */ = {isa = PBXBuildFile; fileRef = A1E80C452A72E5FB00DE7691 /* LaunchScreen.storyboard */; };
		A1E80C522A72E5FB00DE7691 /* StarlingRoundUpUIKitTests.swift in Sources */ = {isa = PBXBuildFile; fileRef = A1E80C512A72E5FB00DE7691 /* StarlingRoundUpUIKitTests.swift */; };
		A1E80C5C2A72E5FB00DE7691 /* StarlingRoundUpUIKitUITests.swift in Sources */ = {isa = PBXBuildFile; fileRef = A1E80C5B2A72E5FB00DE7691 /* StarlingRoundUpUIKitUITests.swift */; };
		A1E80C5E2A72E5FB00DE7691 /* StarlingRoundUpUIKitUITestsLaunchTests.swift in Sources */ = {isa = PBXBuildFile; fileRef = A1E80C5D2A72E5FB00DE7691 /* StarlingRoundUpUIKitUITestsLaunchTests.swift */; };
		A1E80C752A72E61400DE7691 /* Codable+extensions.swift in Sources */ = {isa = PBXBuildFile; fileRef = A1E80C6B2A72E61400DE7691 /* Codable+extensions.swift */; };
		A1E80C762A72E61400DE7691 /* Date+extensions.swift in Sources */ = {isa = PBXBuildFile; fileRef = A1E80C6C2A72E61400DE7691 /* Date+extensions.swift */; };
		A1E80C772A72E61400DE7691 /* CurrencyCode.swift in Sources */ = {isa = PBXBuildFile; fileRef = A1E80C6E2A72E61400DE7691 /* CurrencyCode.swift */; };
		A1E80C782A72E61400DE7691 /* AccountsResponse.swift in Sources */ = {isa = PBXBuildFile; fileRef = A1E80C702A72E61400DE7691 /* AccountsResponse.swift */; };
		A1E80C792A72E61400DE7691 /* TransactionsResponse.swift in Sources */ = {isa = PBXBuildFile; fileRef = A1E80C712A72E61400DE7691 /* TransactionsResponse.swift */; };
		A1E80C7A2A72E61400DE7691 /* Transaction.swift in Sources */ = {isa = PBXBuildFile; fileRef = A1E80C722A72E61400DE7691 /* Transaction.swift */; };
		A1E80C7B2A72E61400DE7691 /* CurrencyAmount.swift in Sources */ = {isa = PBXBuildFile; fileRef = A1E80C732A72E61400DE7691 /* CurrencyAmount.swift */; };
		A1E80C7C2A72E61400DE7691 /* Account.swift in Sources */ = {isa = PBXBuildFile; fileRef = A1E80C742A72E61400DE7691 /* Account.swift */; };
		A1E80C802A72E62600DE7691 /* AccountTests.swift in Sources */ = {isa = PBXBuildFile; fileRef = A1E80C7D2A72E62600DE7691 /* AccountTests.swift */; };
		A1E80C812A72E62600DE7691 /* TransactionsResponseTests.swift in Sources */ = {isa = PBXBuildFile; fileRef = A1E80C7E2A72E62600DE7691 /* TransactionsResponseTests.swift */; };
		A1E80C822A72E62600DE7691 /* AccountsResponseTests.swift in Sources */ = {isa = PBXBuildFile; fileRef = A1E80C7F2A72E62600DE7691 /* AccountsResponseTests.swift */; };
		A1E80C852A72E65300DE7691 /* APIClient.swift in Sources */ = {isa = PBXBuildFile; fileRef = A1E80C842A72E65300DE7691 /* APIClient.swift */; };
		A1F8268A2A744C5B0046C2F3 /* RoundUpViewModelTests.swift in Sources */ = {isa = PBXBuildFile; fileRef = A1F826892A744C5B0046C2F3 /* RoundUpViewModelTests.swift */; };
		A1F8268C2A744CC60046C2F3 /* MockTransactionsService.swift in Sources */ = {isa = PBXBuildFile; fileRef = A1F8268B2A744CC60046C2F3 /* MockTransactionsService.swift */; };
		A1F8268E2A7455210046C2F3 /* Transaction+Extensions.swift in Sources */ = {isa = PBXBuildFile; fileRef = A1F8268D2A7455210046C2F3 /* Transaction+Extensions.swift */; };
/* End PBXBuildFile section */

/* Begin PBXContainerItemProxy section */
		A1E80C4E2A72E5FB00DE7691 /* PBXContainerItemProxy */ = {
			isa = PBXContainerItemProxy;
			containerPortal = A1E80C2F2A72E5F700DE7691 /* Project object */;
			proxyType = 1;
			remoteGlobalIDString = A1E80C362A72E5F700DE7691;
			remoteInfo = StarlingRoundUpUIKit;
		};
		A1E80C582A72E5FB00DE7691 /* PBXContainerItemProxy */ = {
			isa = PBXContainerItemProxy;
			containerPortal = A1E80C2F2A72E5F700DE7691 /* Project object */;
			proxyType = 1;
			remoteGlobalIDString = A1E80C362A72E5F700DE7691;
			remoteInfo = StarlingRoundUpUIKit;
		};
/* End PBXContainerItemProxy section */

/* Begin PBXFileReference section */
		A14DD77E2A7562DE003E0189 /* SavingsService.swift */ = {isa = PBXFileReference; fileEncoding = 4; lastKnownFileType = sourcecode.swift; path = SavingsService.swift; sourceTree = "<group>"; };
		A14DD7802A7563CE003E0189 /* SavingsGoal.swift */ = {isa = PBXFileReference; fileEncoding = 4; lastKnownFileType = sourcecode.swift; name = SavingsGoal.swift; path = StarlingRoundUpUIKit/Models/SavingsGoal.swift; sourceTree = SOURCE_ROOT; };
		A14DD7832A7564B2003E0189 /* SavingsGoals.swift */ = {isa = PBXFileReference; fileEncoding = 4; lastKnownFileType = sourcecode.swift; path = SavingsGoals.swift; sourceTree = "<group>"; };
		A14DD7852A7591A7003E0189 /* MockSavingsService.swift */ = {isa = PBXFileReference; fileEncoding = 4; lastKnownFileType = sourcecode.swift; path = MockSavingsService.swift; sourceTree = "<group>"; };
		A14DD7872A759245003E0189 /* SavingsGoal+Extensions.swift */ = {isa = PBXFileReference; fileEncoding = 4; lastKnownFileType = sourcecode.swift; path = "SavingsGoal+Extensions.swift"; sourceTree = "<group>"; };
		A14F67DD2A75406800B91504 /* CurrencyAmountTests.swift */ = {isa = PBXFileReference; fileEncoding = 4; lastKnownFileType = sourcecode.swift; path = CurrencyAmountTests.swift; sourceTree = "<group>"; };
		A14F67E22A754DED00B91504 /* RoundUpViewModel.swift */ = {isa = PBXFileReference; fileEncoding = 4; lastKnownFileType = sourcecode.swift; path = RoundUpViewModel.swift; sourceTree = "<group>"; };
		A178FE262A7449760094D3AB /* Account+Extensions.swift */ = {isa = PBXFileReference; fileEncoding = 4; lastKnownFileType = sourcecode.swift; path = "Account+Extensions.swift"; sourceTree = "<group>"; };
		A178FE282A744B8A0094D3AB /* XCTest+extensions.swift */ = {isa = PBXFileReference; fileEncoding = 4; lastKnownFileType = sourcecode.swift; path = "XCTest+extensions.swift"; sourceTree = "<group>"; };
		A1887D472A7448DC00B6DC0C /* MockAccountsService.swift */ = {isa = PBXFileReference; fileEncoding = 4; lastKnownFileType = sourcecode.swift; path = MockAccountsService.swift; sourceTree = "<group>"; };
		A1C3A5142A7302A9009C3EA4 /* AccountsService.swift */ = {isa = PBXFileReference; fileEncoding = 4; lastKnownFileType = sourcecode.swift; path = AccountsService.swift; sourceTree = "<group>"; };
		A1C3A5162A744641009C3EA4 /* TransactionsService.swift */ = {isa = PBXFileReference; lastKnownFileType = sourcecode.swift; path = TransactionsService.swift; sourceTree = "<group>"; };
		A1E80C372A72E5F700DE7691 /* StarlingRoundUpUIKit.app */ = {isa = PBXFileReference; explicitFileType = wrapper.application; includeInIndex = 0; path = StarlingRoundUpUIKit.app; sourceTree = BUILT_PRODUCTS_DIR; };
		A1E80C3A2A72E5F700DE7691 /* AppDelegate.swift */ = {isa = PBXFileReference; lastKnownFileType = sourcecode.swift; path = AppDelegate.swift; sourceTree = "<group>"; };
		A1E80C3C2A72E5F700DE7691 /* SceneDelegate.swift */ = {isa = PBXFileReference; lastKnownFileType = sourcecode.swift; path = SceneDelegate.swift; sourceTree = "<group>"; };
		A1E80C3E2A72E5F700DE7691 /* RoundUpViewController.swift */ = {isa = PBXFileReference; lastKnownFileType = sourcecode.swift; path = RoundUpViewController.swift; sourceTree = "<group>"; };
		A1E80C412A72E5F700DE7691 /* Base */ = {isa = PBXFileReference; lastKnownFileType = file.storyboard; name = Base; path = Base.lproj/Main.storyboard; sourceTree = "<group>"; };
		A1E80C432A72E5FB00DE7691 /* Assets.xcassets */ = {isa = PBXFileReference; lastKnownFileType = folder.assetcatalog; path = Assets.xcassets; sourceTree = "<group>"; };
		A1E80C462A72E5FB00DE7691 /* Base */ = {isa = PBXFileReference; lastKnownFileType = file.storyboard; name = Base; path = Base.lproj/LaunchScreen.storyboard; sourceTree = "<group>"; };
		A1E80C482A72E5FB00DE7691 /* Info.plist */ = {isa = PBXFileReference; lastKnownFileType = text.plist.xml; path = Info.plist; sourceTree = "<group>"; };
		A1E80C4D2A72E5FB00DE7691 /* StarlingRoundUpUIKitTests.xctest */ = {isa = PBXFileReference; explicitFileType = wrapper.cfbundle; includeInIndex = 0; path = StarlingRoundUpUIKitTests.xctest; sourceTree = BUILT_PRODUCTS_DIR; };
		A1E80C512A72E5FB00DE7691 /* StarlingRoundUpUIKitTests.swift */ = {isa = PBXFileReference; lastKnownFileType = sourcecode.swift; path = StarlingRoundUpUIKitTests.swift; sourceTree = "<group>"; };
		A1E80C572A72E5FB00DE7691 /* StarlingRoundUpUIKitUITests.xctest */ = {isa = PBXFileReference; explicitFileType = wrapper.cfbundle; includeInIndex = 0; path = StarlingRoundUpUIKitUITests.xctest; sourceTree = BUILT_PRODUCTS_DIR; };
		A1E80C5B2A72E5FB00DE7691 /* StarlingRoundUpUIKitUITests.swift */ = {isa = PBXFileReference; lastKnownFileType = sourcecode.swift; path = StarlingRoundUpUIKitUITests.swift; sourceTree = "<group>"; };
		A1E80C5D2A72E5FB00DE7691 /* StarlingRoundUpUIKitUITestsLaunchTests.swift */ = {isa = PBXFileReference; lastKnownFileType = sourcecode.swift; path = StarlingRoundUpUIKitUITestsLaunchTests.swift; sourceTree = "<group>"; };
		A1E80C6B2A72E61400DE7691 /* Codable+extensions.swift */ = {isa = PBXFileReference; fileEncoding = 4; lastKnownFileType = sourcecode.swift; path = "Codable+extensions.swift"; sourceTree = "<group>"; };
		A1E80C6C2A72E61400DE7691 /* Date+extensions.swift */ = {isa = PBXFileReference; fileEncoding = 4; lastKnownFileType = sourcecode.swift; path = "Date+extensions.swift"; sourceTree = "<group>"; };
		A1E80C6E2A72E61400DE7691 /* CurrencyCode.swift */ = {isa = PBXFileReference; fileEncoding = 4; lastKnownFileType = sourcecode.swift; path = CurrencyCode.swift; sourceTree = "<group>"; };
		A1E80C702A72E61400DE7691 /* AccountsResponse.swift */ = {isa = PBXFileReference; fileEncoding = 4; lastKnownFileType = sourcecode.swift; path = AccountsResponse.swift; sourceTree = "<group>"; };
		A1E80C712A72E61400DE7691 /* TransactionsResponse.swift */ = {isa = PBXFileReference; fileEncoding = 4; lastKnownFileType = sourcecode.swift; path = TransactionsResponse.swift; sourceTree = "<group>"; };
		A1E80C722A72E61400DE7691 /* Transaction.swift */ = {isa = PBXFileReference; fileEncoding = 4; lastKnownFileType = sourcecode.swift; path = Transaction.swift; sourceTree = "<group>"; };
		A1E80C732A72E61400DE7691 /* CurrencyAmount.swift */ = {isa = PBXFileReference; fileEncoding = 4; lastKnownFileType = sourcecode.swift; path = CurrencyAmount.swift; sourceTree = "<group>"; };
		A1E80C742A72E61400DE7691 /* Account.swift */ = {isa = PBXFileReference; fileEncoding = 4; lastKnownFileType = sourcecode.swift; path = Account.swift; sourceTree = "<group>"; };
		A1E80C7D2A72E62600DE7691 /* AccountTests.swift */ = {isa = PBXFileReference; fileEncoding = 4; lastKnownFileType = sourcecode.swift; path = AccountTests.swift; sourceTree = "<group>"; };
		A1E80C7E2A72E62600DE7691 /* TransactionsResponseTests.swift */ = {isa = PBXFileReference; fileEncoding = 4; lastKnownFileType = sourcecode.swift; path = TransactionsResponseTests.swift; sourceTree = "<group>"; };
		A1E80C7F2A72E62600DE7691 /* AccountsResponseTests.swift */ = {isa = PBXFileReference; fileEncoding = 4; lastKnownFileType = sourcecode.swift; path = AccountsResponseTests.swift; sourceTree = "<group>"; };
		A1E80C832A72E63100DE7691 /* StarlingRoundUpUIKit.xctestplan */ = {isa = PBXFileReference; lastKnownFileType = text; path = StarlingRoundUpUIKit.xctestplan; sourceTree = "<group>"; };
		A1E80C842A72E65300DE7691 /* APIClient.swift */ = {isa = PBXFileReference; fileEncoding = 4; lastKnownFileType = sourcecode.swift; path = APIClient.swift; sourceTree = "<group>"; };
		A1F826892A744C5B0046C2F3 /* RoundUpViewModelTests.swift */ = {isa = PBXFileReference; fileEncoding = 4; lastKnownFileType = sourcecode.swift; path = RoundUpViewModelTests.swift; sourceTree = "<group>"; };
		A1F8268B2A744CC60046C2F3 /* MockTransactionsService.swift */ = {isa = PBXFileReference; fileEncoding = 4; lastKnownFileType = sourcecode.swift; path = MockTransactionsService.swift; sourceTree = "<group>"; };
		A1F8268D2A7455210046C2F3 /* Transaction+Extensions.swift */ = {isa = PBXFileReference; fileEncoding = 4; lastKnownFileType = sourcecode.swift; path = "Transaction+Extensions.swift"; sourceTree = "<group>"; };
/* End PBXFileReference section */

/* Begin PBXFrameworksBuildPhase section */
		A1E80C342A72E5F700DE7691 /* Frameworks */ = {
			isa = PBXFrameworksBuildPhase;
			buildActionMask = 2147483647;
			files = (
			);
			runOnlyForDeploymentPostprocessing = 0;
		};
		A1E80C4A2A72E5FB00DE7691 /* Frameworks */ = {
			isa = PBXFrameworksBuildPhase;
			buildActionMask = 2147483647;
			files = (
			);
			runOnlyForDeploymentPostprocessing = 0;
		};
		A1E80C542A72E5FB00DE7691 /* Frameworks */ = {
			isa = PBXFrameworksBuildPhase;
			buildActionMask = 2147483647;
			files = (
			);
			runOnlyForDeploymentPostprocessing = 0;
		};
/* End PBXFrameworksBuildPhase section */

/* Begin PBXGroup section */
		A14D9E062A7301D500BD4F3B /* API Client and Emdpoints */ = {
			isa = PBXGroup;
			children = (
				A1C3A5142A7302A9009C3EA4 /* AccountsService.swift */,
				A14DD77E2A7562DE003E0189 /* SavingsService.swift */,
				A1E80C842A72E65300DE7691 /* APIClient.swift */,
				A1C3A5162A744641009C3EA4 /* TransactionsService.swift */,
			);
			path = "API Client and Emdpoints";
			sourceTree = "<group>";
		};
		A14DD7822A756493003E0189 /* API Requests */ = {
			isa = PBXGroup;
			children = (
				A14DD7832A7564B2003E0189 /* SavingsGoals.swift */,
			);
			path = "API Requests";
			sourceTree = "<group>";
		};
		A14F67E12A754DED00B91504 /* ViewModels */ = {
			isa = PBXGroup;
			children = (
				A14F67E22A754DED00B91504 /* RoundUpViewModel.swift */,
			);
			path = ViewModels;
			sourceTree = "<group>";
		};
		A178FE2A2A744B8F0094D3AB /* Extensions */ = {
			isa = PBXGroup;
			children = (
				A178FE282A744B8A0094D3AB /* XCTest+extensions.swift */,
			);
			path = Extensions;
			sourceTree = "<group>";
		};
		A1C3A5182A7448A1009C3EA4 /* Mocks */ = {
			isa = PBXGroup;
			children = (
				A1F8268D2A7455210046C2F3 /* Transaction+Extensions.swift */,
				A178FE262A7449760094D3AB /* Account+Extensions.swift */,
				A14DD7872A759245003E0189 /* SavingsGoal+Extensions.swift */,
				A1F8268B2A744CC60046C2F3 /* MockTransactionsService.swift */,
				A1887D472A7448DC00B6DC0C /* MockAccountsService.swift */,
				A14DD7852A7591A7003E0189 /* MockSavingsService.swift */,
			);
			path = Mocks;
			sourceTree = "<group>";
		};
		A1D10EC52A73023A00A3510B /* ViewControllers */ = {
			isa = PBXGroup;
			children = (
				A1E80C3E2A72E5F700DE7691 /* RoundUpViewController.swift */,
			);
			path = ViewControllers;
			sourceTree = "<group>";
		};
		A1E80C2E2A72E5F700DE7691 = {
			isa = PBXGroup;
			children = (
				A1E80C832A72E63100DE7691 /* StarlingRoundUpUIKit.xctestplan */,
				A1E80C392A72E5F700DE7691 /* StarlingRoundUpUIKit */,
				A1E80C502A72E5FB00DE7691 /* StarlingRoundUpUIKitTests */,
				A1E80C5A2A72E5FB00DE7691 /* StarlingRoundUpUIKitUITests */,
				A1E80C382A72E5F700DE7691 /* Products */,
			);
			sourceTree = "<group>";
		};
		A1E80C382A72E5F700DE7691 /* Products */ = {
			isa = PBXGroup;
			children = (
				A1E80C372A72E5F700DE7691 /* StarlingRoundUpUIKit.app */,
				A1E80C4D2A72E5FB00DE7691 /* StarlingRoundUpUIKitTests.xctest */,
				A1E80C572A72E5FB00DE7691 /* StarlingRoundUpUIKitUITests.xctest */,
			);
			name = Products;
			sourceTree = "<group>";
		};
		A1E80C392A72E5F700DE7691 /* StarlingRoundUpUIKit */ = {
			isa = PBXGroup;
			children = (
				A14D9E062A7301D500BD4F3B /* API Client and Emdpoints */,
				A1E80C3A2A72E5F700DE7691 /* AppDelegate.swift */,
				A1E80C3C2A72E5F700DE7691 /* SceneDelegate.swift */,
				A14F67E12A754DED00B91504 /* ViewModels */,
				A1D10EC52A73023A00A3510B /* ViewControllers */,
				A1E80C6A2A72E61400DE7691 /* Extensions */,
				A1E80C6D2A72E61400DE7691 /* Models */,
				A1E80C402A72E5F700DE7691 /* Main.storyboard */,
				A1E80C432A72E5FB00DE7691 /* Assets.xcassets */,
				A1E80C452A72E5FB00DE7691 /* LaunchScreen.storyboard */,
				A1E80C482A72E5FB00DE7691 /* Info.plist */,
			);
			path = StarlingRoundUpUIKit;
			sourceTree = "<group>";
		};
		A1E80C502A72E5FB00DE7691 /* StarlingRoundUpUIKitTests */ = {
			isa = PBXGroup;
			children = (
				A1C3A5182A7448A1009C3EA4 /* Mocks */,
				A1E80C7F2A72E62600DE7691 /* AccountsResponseTests.swift */,
				A1E80C7D2A72E62600DE7691 /* AccountTests.swift */,
				A14F67DD2A75406800B91504 /* CurrencyAmountTests.swift */,
				A1E80C7E2A72E62600DE7691 /* TransactionsResponseTests.swift */,
				A1F826892A744C5B0046C2F3 /* RoundUpViewModelTests.swift */,
				A1E80C512A72E5FB00DE7691 /* StarlingRoundUpUIKitTests.swift */,
				A178FE2A2A744B8F0094D3AB /* Extensions */,
			);
			path = StarlingRoundUpUIKitTests;
			sourceTree = "<group>";
		};
		A1E80C5A2A72E5FB00DE7691 /* StarlingRoundUpUIKitUITests */ = {
			isa = PBXGroup;
			children = (
				A1E80C5B2A72E5FB00DE7691 /* StarlingRoundUpUIKitUITests.swift */,
				A1E80C5D2A72E5FB00DE7691 /* StarlingRoundUpUIKitUITestsLaunchTests.swift */,
			);
			path = StarlingRoundUpUIKitUITests;
			sourceTree = "<group>";
		};
		A1E80C6A2A72E61400DE7691 /* Extensions */ = {
			isa = PBXGroup;
			children = (
				A1E80C6B2A72E61400DE7691 /* Codable+extensions.swift */,
				A1E80C6C2A72E61400DE7691 /* Date+extensions.swift */,
			);
			path = Extensions;
			sourceTree = "<group>";
		};
		A1E80C6D2A72E61400DE7691 /* Models */ = {
			isa = PBXGroup;
			children = (
				A1E80C6E2A72E61400DE7691 /* CurrencyCode.swift */,
				A14DD7822A756493003E0189 /* API Requests */,
				A1E80C6F2A72E61400DE7691 /* API Responses */,
				A1E80C722A72E61400DE7691 /* Transaction.swift */,
				A14DD7802A7563CE003E0189 /* SavingsGoal.swift */,
				A1E80C732A72E61400DE7691 /* CurrencyAmount.swift */,
				A1E80C742A72E61400DE7691 /* Account.swift */,
			);
			path = Models;
			sourceTree = "<group>";
		};
		A1E80C6F2A72E61400DE7691 /* API Responses */ = {
			isa = PBXGroup;
			children = (
				A1E80C702A72E61400DE7691 /* AccountsResponse.swift */,
				A1E80C712A72E61400DE7691 /* TransactionsResponse.swift */,
			);
			path = "API Responses";
			sourceTree = "<group>";
		};
/* End PBXGroup section */

/* Begin PBXNativeTarget section */
		A1E80C362A72E5F700DE7691 /* StarlingRoundUpUIKit */ = {
			isa = PBXNativeTarget;
			buildConfigurationList = A1E80C612A72E5FB00DE7691 /* Build configuration list for PBXNativeTarget "StarlingRoundUpUIKit" */;
			buildPhases = (
				A1E80C332A72E5F700DE7691 /* Sources */,
				A1E80C342A72E5F700DE7691 /* Frameworks */,
				A1E80C352A72E5F700DE7691 /* Resources */,
			);
			buildRules = (
			);
			dependencies = (
			);
			name = StarlingRoundUpUIKit;
			productName = StarlingRoundUpUIKit;
			productReference = A1E80C372A72E5F700DE7691 /* StarlingRoundUpUIKit.app */;
			productType = "com.apple.product-type.application";
		};
		A1E80C4C2A72E5FB00DE7691 /* StarlingRoundUpUIKitTests */ = {
			isa = PBXNativeTarget;
			buildConfigurationList = A1E80C642A72E5FB00DE7691 /* Build configuration list for PBXNativeTarget "StarlingRoundUpUIKitTests" */;
			buildPhases = (
				A1E80C492A72E5FB00DE7691 /* Sources */,
				A1E80C4A2A72E5FB00DE7691 /* Frameworks */,
				A1E80C4B2A72E5FB00DE7691 /* Resources */,
			);
			buildRules = (
			);
			dependencies = (
				A1E80C4F2A72E5FB00DE7691 /* PBXTargetDependency */,
			);
			name = StarlingRoundUpUIKitTests;
			productName = StarlingRoundUpUIKitTests;
			productReference = A1E80C4D2A72E5FB00DE7691 /* StarlingRoundUpUIKitTests.xctest */;
			productType = "com.apple.product-type.bundle.unit-test";
		};
		A1E80C562A72E5FB00DE7691 /* StarlingRoundUpUIKitUITests */ = {
			isa = PBXNativeTarget;
			buildConfigurationList = A1E80C672A72E5FB00DE7691 /* Build configuration list for PBXNativeTarget "StarlingRoundUpUIKitUITests" */;
			buildPhases = (
				A1E80C532A72E5FB00DE7691 /* Sources */,
				A1E80C542A72E5FB00DE7691 /* Frameworks */,
				A1E80C552A72E5FB00DE7691 /* Resources */,
			);
			buildRules = (
			);
			dependencies = (
				A1E80C592A72E5FB00DE7691 /* PBXTargetDependency */,
			);
			name = StarlingRoundUpUIKitUITests;
			productName = StarlingRoundUpUIKitUITests;
			productReference = A1E80C572A72E5FB00DE7691 /* StarlingRoundUpUIKitUITests.xctest */;
			productType = "com.apple.product-type.bundle.ui-testing";
		};
/* End PBXNativeTarget section */

/* Begin PBXProject section */
		A1E80C2F2A72E5F700DE7691 /* Project object */ = {
			isa = PBXProject;
			attributes = {
				BuildIndependentTargetsInParallel = 1;
				LastSwiftUpdateCheck = 1500;
				LastUpgradeCheck = 1500;
				TargetAttributes = {
					A1E80C362A72E5F700DE7691 = {
						CreatedOnToolsVersion = 15.0;
					};
					A1E80C4C2A72E5FB00DE7691 = {
						CreatedOnToolsVersion = 15.0;
						TestTargetID = A1E80C362A72E5F700DE7691;
					};
					A1E80C562A72E5FB00DE7691 = {
						CreatedOnToolsVersion = 15.0;
						TestTargetID = A1E80C362A72E5F700DE7691;
					};
				};
			};
			buildConfigurationList = A1E80C322A72E5F700DE7691 /* Build configuration list for PBXProject "StarlingRoundUpUIKit" */;
			compatibilityVersion = "Xcode 14.0";
			developmentRegion = en;
			hasScannedForEncodings = 0;
			knownRegions = (
				en,
				Base,
			);
			mainGroup = A1E80C2E2A72E5F700DE7691;
			productRefGroup = A1E80C382A72E5F700DE7691 /* Products */;
			projectDirPath = "";
			projectRoot = "";
			targets = (
				A1E80C362A72E5F700DE7691 /* StarlingRoundUpUIKit */,
				A1E80C4C2A72E5FB00DE7691 /* StarlingRoundUpUIKitTests */,
				A1E80C562A72E5FB00DE7691 /* StarlingRoundUpUIKitUITests */,
			);
		};
/* End PBXProject section */

/* Begin PBXResourcesBuildPhase section */
		A1E80C352A72E5F700DE7691 /* Resources */ = {
			isa = PBXResourcesBuildPhase;
			buildActionMask = 2147483647;
			files = (
				A1E80C472A72E5FB00DE7691 /* LaunchScreen.storyboard in Resources */,
				A1E80C442A72E5FB00DE7691 /* Assets.xcassets in Resources */,
				A1E80C422A72E5F700DE7691 /* Main.storyboard in Resources */,
			);
			runOnlyForDeploymentPostprocessing = 0;
		};
		A1E80C4B2A72E5FB00DE7691 /* Resources */ = {
			isa = PBXResourcesBuildPhase;
			buildActionMask = 2147483647;
			files = (
			);
			runOnlyForDeploymentPostprocessing = 0;
		};
		A1E80C552A72E5FB00DE7691 /* Resources */ = {
			isa = PBXResourcesBuildPhase;
			buildActionMask = 2147483647;
			files = (
			);
			runOnlyForDeploymentPostprocessing = 0;
		};
/* End PBXResourcesBuildPhase section */

/* Begin PBXSourcesBuildPhase section */
		A1E80C332A72E5F700DE7691 /* Sources */ = {
			isa = PBXSourcesBuildPhase;
			buildActionMask = 2147483647;
			files = (
				A1E80C762A72E61400DE7691 /* Date+extensions.swift in Sources */,
				A1E80C7C2A72E61400DE7691 /* Account.swift in Sources */,
				A1C3A5172A744641009C3EA4 /* TransactionsService.swift in Sources */,
				A1C3A5152A7302A9009C3EA4 /* AccountsService.swift in Sources */,
				A1E80C752A72E61400DE7691 /* Codable+extensions.swift in Sources */,
				A1E80C3F2A72E5F700DE7691 /* RoundUpViewController.swift in Sources */,
				A14DD7842A7564B2003E0189 /* SavingsGoals.swift in Sources */,
				A14F67E32A754DED00B91504 /* RoundUpViewModel.swift in Sources */,
				A14DD7812A7563CE003E0189 /* SavingsGoal.swift in Sources */,
				A1E80C782A72E61400DE7691 /* AccountsResponse.swift in Sources */,
				A1E80C772A72E61400DE7691 /* CurrencyCode.swift in Sources */,
				A1E80C792A72E61400DE7691 /* TransactionsResponse.swift in Sources */,
				A1E80C7B2A72E61400DE7691 /* CurrencyAmount.swift in Sources */,
				A14DD77F2A7562DE003E0189 /* SavingsService.swift in Sources */,
				A1E80C3B2A72E5F700DE7691 /* AppDelegate.swift in Sources */,
				A1E80C3D2A72E5F700DE7691 /* SceneDelegate.swift in Sources */,
				A1E80C7A2A72E61400DE7691 /* Transaction.swift in Sources */,
				A1E80C852A72E65300DE7691 /* APIClient.swift in Sources */,
			);
			runOnlyForDeploymentPostprocessing = 0;
		};
		A1E80C492A72E5FB00DE7691 /* Sources */ = {
			isa = PBXSourcesBuildPhase;
			buildActionMask = 2147483647;
			files = (
				A14F67DE2A75406900B91504 /* CurrencyAmountTests.swift in Sources */,
				A1E80C822A72E62600DE7691 /* AccountsResponseTests.swift in Sources */,
				A1E80C812A72E62600DE7691 /* TransactionsResponseTests.swift in Sources */,
				A14DD7882A759245003E0189 /* SavingsGoal+Extensions.swift in Sources */,
				A1F8268A2A744C5B0046C2F3 /* RoundUpViewModelTests.swift in Sources */,
				A1E80C522A72E5FB00DE7691 /* StarlingRoundUpUIKitTests.swift in Sources */,
				A1F8268E2A7455210046C2F3 /* Transaction+Extensions.swift in Sources */,
				A178FE292A744B8A0094D3AB /* XCTest+extensions.swift in Sources */,
				A178FE272A7449760094D3AB /* Account+Extensions.swift in Sources */,
				A1E80C802A72E62600DE7691 /* AccountTests.swift in Sources */,
				A14DD7862A7591A7003E0189 /* MockSavingsService.swift in Sources */,
				A1887D492A74490700B6DC0C /* MockAccountsService.swift in Sources */,
				A1F8268C2A744CC60046C2F3 /* MockTransactionsService.swift in Sources */,
			);
			runOnlyForDeploymentPostprocessing = 0;
		};
		A1E80C532A72E5FB00DE7691 /* Sources */ = {
			isa = PBXSourcesBuildPhase;
			buildActionMask = 2147483647;
			files = (
				A1E80C5C2A72E5FB00DE7691 /* StarlingRoundUpUIKitUITests.swift in Sources */,
				A1E80C5E2A72E5FB00DE7691 /* StarlingRoundUpUIKitUITestsLaunchTests.swift in Sources */,
			);
			runOnlyForDeploymentPostprocessing = 0;
		};
/* End PBXSourcesBuildPhase section */

/* Begin PBXTargetDependency section */
		A1E80C4F2A72E5FB00DE7691 /* PBXTargetDependency */ = {
			isa = PBXTargetDependency;
			target = A1E80C362A72E5F700DE7691 /* StarlingRoundUpUIKit */;
			targetProxy = A1E80C4E2A72E5FB00DE7691 /* PBXContainerItemProxy */;
		};
		A1E80C592A72E5FB00DE7691 /* PBXTargetDependency */ = {
			isa = PBXTargetDependency;
			target = A1E80C362A72E5F700DE7691 /* StarlingRoundUpUIKit */;
			targetProxy = A1E80C582A72E5FB00DE7691 /* PBXContainerItemProxy */;
		};
/* End PBXTargetDependency section */

/* Begin PBXVariantGroup section */
		A1E80C402A72E5F700DE7691 /* Main.storyboard */ = {
			isa = PBXVariantGroup;
			children = (
				A1E80C412A72E5F700DE7691 /* Base */,
			);
			name = Main.storyboard;
			sourceTree = "<group>";
		};
		A1E80C452A72E5FB00DE7691 /* LaunchScreen.storyboard */ = {
			isa = PBXVariantGroup;
			children = (
				A1E80C462A72E5FB00DE7691 /* Base */,
			);
			name = LaunchScreen.storyboard;
			sourceTree = "<group>";
		};
/* End PBXVariantGroup section */

/* Begin XCBuildConfiguration section */
		A1E80C5F2A72E5FB00DE7691 /* Debug */ = {
			isa = XCBuildConfiguration;
			buildSettings = {
				ALWAYS_SEARCH_USER_PATHS = NO;
				ASSETCATALOG_COMPILER_GENERATE_SWIFT_ASSET_SYMBOL_EXTENSIONS = YES;
				CLANG_ANALYZER_NONNULL = YES;
				CLANG_ANALYZER_NUMBER_OBJECT_CONVERSION = YES_AGGRESSIVE;
				CLANG_CXX_LANGUAGE_STANDARD = "gnu++20";
				CLANG_ENABLE_MODULES = YES;
				CLANG_ENABLE_OBJC_ARC = YES;
				CLANG_ENABLE_OBJC_WEAK = YES;
				CLANG_WARN_BLOCK_CAPTURE_AUTORELEASING = YES;
				CLANG_WARN_BOOL_CONVERSION = YES;
				CLANG_WARN_COMMA = YES;
				CLANG_WARN_CONSTANT_CONVERSION = YES;
				CLANG_WARN_DEPRECATED_OBJC_IMPLEMENTATIONS = YES;
				CLANG_WARN_DIRECT_OBJC_ISA_USAGE = YES_ERROR;
				CLANG_WARN_DOCUMENTATION_COMMENTS = YES;
				CLANG_WARN_EMPTY_BODY = YES;
				CLANG_WARN_ENUM_CONVERSION = YES;
				CLANG_WARN_INFINITE_RECURSION = YES;
				CLANG_WARN_INT_CONVERSION = YES;
				CLANG_WARN_NON_LITERAL_NULL_CONVERSION = YES;
				CLANG_WARN_OBJC_IMPLICIT_RETAIN_SELF = YES;
				CLANG_WARN_OBJC_LITERAL_CONVERSION = YES;
				CLANG_WARN_OBJC_ROOT_CLASS = YES_ERROR;
				CLANG_WARN_QUOTED_INCLUDE_IN_FRAMEWORK_HEADER = YES;
				CLANG_WARN_RANGE_LOOP_ANALYSIS = YES;
				CLANG_WARN_STRICT_PROTOTYPES = YES;
				CLANG_WARN_SUSPICIOUS_MOVE = YES;
				CLANG_WARN_UNGUARDED_AVAILABILITY = YES_AGGRESSIVE;
				CLANG_WARN_UNREACHABLE_CODE = YES;
				CLANG_WARN__DUPLICATE_METHOD_MATCH = YES;
				COPY_PHASE_STRIP = NO;
				DEBUG_INFORMATION_FORMAT = dwarf;
				ENABLE_STRICT_OBJC_MSGSEND = YES;
				ENABLE_TESTABILITY = YES;
				ENABLE_USER_SCRIPT_SANDBOXING = YES;
				GCC_C_LANGUAGE_STANDARD = gnu17;
				GCC_DYNAMIC_NO_PIC = NO;
				GCC_NO_COMMON_BLOCKS = YES;
				GCC_OPTIMIZATION_LEVEL = 0;
				GCC_PREPROCESSOR_DEFINITIONS = (
					"DEBUG=1",
					"$(inherited)",
				);
				GCC_WARN_64_TO_32_BIT_CONVERSION = YES;
				GCC_WARN_ABOUT_RETURN_TYPE = YES_ERROR;
				GCC_WARN_UNDECLARED_SELECTOR = YES;
				GCC_WARN_UNINITIALIZED_AUTOS = YES_AGGRESSIVE;
				GCC_WARN_UNUSED_FUNCTION = YES;
				GCC_WARN_UNUSED_VARIABLE = YES;
				IPHONEOS_DEPLOYMENT_TARGET = 17.0;
				LOCALIZATION_PREFERS_STRING_CATALOGS = YES;
				MTL_ENABLE_DEBUG_INFO = INCLUDE_SOURCE;
				MTL_FAST_MATH = YES;
				ONLY_ACTIVE_ARCH = YES;
				SDKROOT = iphoneos;
				SWIFT_ACTIVE_COMPILATION_CONDITIONS = "DEBUG $(inherited)";
				SWIFT_OPTIMIZATION_LEVEL = "-Onone";
			};
			name = Debug;
		};
		A1E80C602A72E5FB00DE7691 /* Release */ = {
			isa = XCBuildConfiguration;
			buildSettings = {
				ALWAYS_SEARCH_USER_PATHS = NO;
				ASSETCATALOG_COMPILER_GENERATE_SWIFT_ASSET_SYMBOL_EXTENSIONS = YES;
				CLANG_ANALYZER_NONNULL = YES;
				CLANG_ANALYZER_NUMBER_OBJECT_CONVERSION = YES_AGGRESSIVE;
				CLANG_CXX_LANGUAGE_STANDARD = "gnu++20";
				CLANG_ENABLE_MODULES = YES;
				CLANG_ENABLE_OBJC_ARC = YES;
				CLANG_ENABLE_OBJC_WEAK = YES;
				CLANG_WARN_BLOCK_CAPTURE_AUTORELEASING = YES;
				CLANG_WARN_BOOL_CONVERSION = YES;
				CLANG_WARN_COMMA = YES;
				CLANG_WARN_CONSTANT_CONVERSION = YES;
				CLANG_WARN_DEPRECATED_OBJC_IMPLEMENTATIONS = YES;
				CLANG_WARN_DIRECT_OBJC_ISA_USAGE = YES_ERROR;
				CLANG_WARN_DOCUMENTATION_COMMENTS = YES;
				CLANG_WARN_EMPTY_BODY = YES;
				CLANG_WARN_ENUM_CONVERSION = YES;
				CLANG_WARN_INFINITE_RECURSION = YES;
				CLANG_WARN_INT_CONVERSION = YES;
				CLANG_WARN_NON_LITERAL_NULL_CONVERSION = YES;
				CLANG_WARN_OBJC_IMPLICIT_RETAIN_SELF = YES;
				CLANG_WARN_OBJC_LITERAL_CONVERSION = YES;
				CLANG_WARN_OBJC_ROOT_CLASS = YES_ERROR;
				CLANG_WARN_QUOTED_INCLUDE_IN_FRAMEWORK_HEADER = YES;
				CLANG_WARN_RANGE_LOOP_ANALYSIS = YES;
				CLANG_WARN_STRICT_PROTOTYPES = YES;
				CLANG_WARN_SUSPICIOUS_MOVE = YES;
				CLANG_WARN_UNGUARDED_AVAILABILITY = YES_AGGRESSIVE;
				CLANG_WARN_UNREACHABLE_CODE = YES;
				CLANG_WARN__DUPLICATE_METHOD_MATCH = YES;
				COPY_PHASE_STRIP = NO;
				DEBUG_INFORMATION_FORMAT = "dwarf-with-dsym";
				ENABLE_NS_ASSERTIONS = NO;
				ENABLE_STRICT_OBJC_MSGSEND = YES;
				ENABLE_USER_SCRIPT_SANDBOXING = YES;
				GCC_C_LANGUAGE_STANDARD = gnu17;
				GCC_NO_COMMON_BLOCKS = YES;
				GCC_WARN_64_TO_32_BIT_CONVERSION = YES;
				GCC_WARN_ABOUT_RETURN_TYPE = YES_ERROR;
				GCC_WARN_UNDECLARED_SELECTOR = YES;
				GCC_WARN_UNINITIALIZED_AUTOS = YES_AGGRESSIVE;
				GCC_WARN_UNUSED_FUNCTION = YES;
				GCC_WARN_UNUSED_VARIABLE = YES;
				IPHONEOS_DEPLOYMENT_TARGET = 17.0;
				LOCALIZATION_PREFERS_STRING_CATALOGS = YES;
				MTL_ENABLE_DEBUG_INFO = NO;
				MTL_FAST_MATH = YES;
				SDKROOT = iphoneos;
				SWIFT_COMPILATION_MODE = wholemodule;
				VALIDATE_PRODUCT = YES;
			};
			name = Release;
		};
		A1E80C622A72E5FB00DE7691 /* Debug */ = {
			isa = XCBuildConfiguration;
			buildSettings = {
				ASSETCATALOG_COMPILER_APPICON_NAME = AppIcon;
				ASSETCATALOG_COMPILER_GLOBAL_ACCENT_COLOR_NAME = AccentColor;
				CODE_SIGN_STYLE = Automatic;
				CURRENT_PROJECT_VERSION = 1;
				DEVELOPMENT_TEAM = ZYF5KSBWFG;
				GENERATE_INFOPLIST_FILE = YES;
				INFOPLIST_FILE = StarlingRoundUpUIKit/Info.plist;
				INFOPLIST_KEY_UIApplicationSupportsIndirectInputEvents = YES;
				INFOPLIST_KEY_UILaunchStoryboardName = LaunchScreen;
				INFOPLIST_KEY_UIMainStoryboardFile = Main;
				INFOPLIST_KEY_UISupportedInterfaceOrientations_iPad = "UIInterfaceOrientationPortrait UIInterfaceOrientationPortraitUpsideDown UIInterfaceOrientationLandscapeLeft UIInterfaceOrientationLandscapeRight";
				INFOPLIST_KEY_UISupportedInterfaceOrientations_iPhone = "UIInterfaceOrientationPortrait UIInterfaceOrientationLandscapeLeft UIInterfaceOrientationLandscapeRight";
				IPHONEOS_DEPLOYMENT_TARGET = 16.0;
				LD_RUNPATH_SEARCH_PATHS = (
					"$(inherited)",
					"@executable_path/Frameworks",
				);
				MARKETING_VERSION = 1.0;
				PRODUCT_BUNDLE_IDENTIFIER = com.taptix.StarlingRoundUpUIKit;
				PRODUCT_NAME = "$(TARGET_NAME)";
				SWIFT_EMIT_LOC_STRINGS = YES;
				SWIFT_VERSION = 5.0;
				TARGETED_DEVICE_FAMILY = "1,2";
			};
			name = Debug;
		};
		A1E80C632A72E5FB00DE7691 /* Release */ = {
			isa = XCBuildConfiguration;
			buildSettings = {
				ASSETCATALOG_COMPILER_APPICON_NAME = AppIcon;
				ASSETCATALOG_COMPILER_GLOBAL_ACCENT_COLOR_NAME = AccentColor;
				CODE_SIGN_STYLE = Automatic;
				CURRENT_PROJECT_VERSION = 1;
				DEVELOPMENT_TEAM = ZYF5KSBWFG;
				GENERATE_INFOPLIST_FILE = YES;
				INFOPLIST_FILE = StarlingRoundUpUIKit/Info.plist;
				INFOPLIST_KEY_UIApplicationSupportsIndirectInputEvents = YES;
				INFOPLIST_KEY_UILaunchStoryboardName = LaunchScreen;
				INFOPLIST_KEY_UIMainStoryboardFile = Main;
				INFOPLIST_KEY_UISupportedInterfaceOrientations_iPad = "UIInterfaceOrientationPortrait UIInterfaceOrientationPortraitUpsideDown UIInterfaceOrientationLandscapeLeft UIInterfaceOrientationLandscapeRight";
				INFOPLIST_KEY_UISupportedInterfaceOrientations_iPhone = "UIInterfaceOrientationPortrait UIInterfaceOrientationLandscapeLeft UIInterfaceOrientationLandscapeRight";
				IPHONEOS_DEPLOYMENT_TARGET = 16.0;
				LD_RUNPATH_SEARCH_PATHS = (
					"$(inherited)",
					"@executable_path/Frameworks",
				);
				MARKETING_VERSION = 1.0;
				PRODUCT_BUNDLE_IDENTIFIER = com.taptix.StarlingRoundUpUIKit;
				PRODUCT_NAME = "$(TARGET_NAME)";
				SWIFT_EMIT_LOC_STRINGS = YES;
				SWIFT_VERSION = 5.0;
				TARGETED_DEVICE_FAMILY = "1,2";
			};
			name = Release;
		};
		A1E80C652A72E5FB00DE7691 /* Debug */ = {
			isa = XCBuildConfiguration;
			buildSettings = {
				ALWAYS_EMBED_SWIFT_STANDARD_LIBRARIES = YES;
				BUNDLE_LOADER = "$(TEST_HOST)";
				CODE_SIGN_STYLE = Automatic;
				CURRENT_PROJECT_VERSION = 1;
				DEVELOPMENT_TEAM = ZYF5KSBWFG;
				GENERATE_INFOPLIST_FILE = YES;
				IPHONEOS_DEPLOYMENT_TARGET = 16.0;
				MARKETING_VERSION = 1.0;
				PRODUCT_BUNDLE_IDENTIFIER = com.taptix.StarlingRoundUpUIKitTests;
				PRODUCT_NAME = "$(TARGET_NAME)";
				SWIFT_EMIT_LOC_STRINGS = NO;
				SWIFT_VERSION = 5.0;
				TARGETED_DEVICE_FAMILY = "1,2";
				TEST_HOST = "$(BUILT_PRODUCTS_DIR)/StarlingRoundUpUIKit.app/$(BUNDLE_EXECUTABLE_FOLDER_PATH)/StarlingRoundUpUIKit";
			};
			name = Debug;
		};
		A1E80C662A72E5FB00DE7691 /* Release */ = {
			isa = XCBuildConfiguration;
			buildSettings = {
				ALWAYS_EMBED_SWIFT_STANDARD_LIBRARIES = YES;
				BUNDLE_LOADER = "$(TEST_HOST)";
				CODE_SIGN_STYLE = Automatic;
				CURRENT_PROJECT_VERSION = 1;
				DEVELOPMENT_TEAM = ZYF5KSBWFG;
				GENERATE_INFOPLIST_FILE = YES;
				IPHONEOS_DEPLOYMENT_TARGET = 16.0;
				MARKETING_VERSION = 1.0;
				PRODUCT_BUNDLE_IDENTIFIER = com.taptix.StarlingRoundUpUIKitTests;
				PRODUCT_NAME = "$(TARGET_NAME)";
				SWIFT_EMIT_LOC_STRINGS = NO;
				SWIFT_VERSION = 5.0;
				TARGETED_DEVICE_FAMILY = "1,2";
				TEST_HOST = "$(BUILT_PRODUCTS_DIR)/StarlingRoundUpUIKit.app/$(BUNDLE_EXECUTABLE_FOLDER_PATH)/StarlingRoundUpUIKit";
			};
			name = Release;
		};
		A1E80C682A72E5FB00DE7691 /* Debug */ = {
			isa = XCBuildConfiguration;
			buildSettings = {
				ALWAYS_EMBED_SWIFT_STANDARD_LIBRARIES = YES;
				CODE_SIGN_STYLE = Automatic;
				CURRENT_PROJECT_VERSION = 1;
				DEVELOPMENT_TEAM = ZYF5KSBWFG;
				GENERATE_INFOPLIST_FILE = YES;
				MARKETING_VERSION = 1.0;
				PRODUCT_BUNDLE_IDENTIFIER = com.taptix.StarlingRoundUpUIKitUITests;
				PRODUCT_NAME = "$(TARGET_NAME)";
				SWIFT_EMIT_LOC_STRINGS = NO;
				SWIFT_VERSION = 5.0;
				TARGETED_DEVICE_FAMILY = "1,2";
				TEST_TARGET_NAME = StarlingRoundUpUIKit;
			};
			name = Debug;
		};
		A1E80C692A72E5FB00DE7691 /* Release */ = {
			isa = XCBuildConfiguration;
			buildSettings = {
				ALWAYS_EMBED_SWIFT_STANDARD_LIBRARIES = YES;
				CODE_SIGN_STYLE = Automatic;
				CURRENT_PROJECT_VERSION = 1;
				DEVELOPMENT_TEAM = ZYF5KSBWFG;
				GENERATE_INFOPLIST_FILE = YES;
				MARKETING_VERSION = 1.0;
				PRODUCT_BUNDLE_IDENTIFIER = com.taptix.StarlingRoundUpUIKitUITests;
				PRODUCT_NAME = "$(TARGET_NAME)";
				SWIFT_EMIT_LOC_STRINGS = NO;
				SWIFT_VERSION = 5.0;
				TARGETED_DEVICE_FAMILY = "1,2";
				TEST_TARGET_NAME = StarlingRoundUpUIKit;
			};
			name = Release;
		};
/* End XCBuildConfiguration section */

/* Begin XCConfigurationList section */
		A1E80C322A72E5F700DE7691 /* Build configuration list for PBXProject "StarlingRoundUpUIKit" */ = {
			isa = XCConfigurationList;
			buildConfigurations = (
				A1E80C5F2A72E5FB00DE7691 /* Debug */,
				A1E80C602A72E5FB00DE7691 /* Release */,
			);
			defaultConfigurationIsVisible = 0;
			defaultConfigurationName = Release;
		};
		A1E80C612A72E5FB00DE7691 /* Build configuration list for PBXNativeTarget "StarlingRoundUpUIKit" */ = {
			isa = XCConfigurationList;
			buildConfigurations = (
				A1E80C622A72E5FB00DE7691 /* Debug */,
				A1E80C632A72E5FB00DE7691 /* Release */,
			);
			defaultConfigurationIsVisible = 0;
			defaultConfigurationName = Release;
		};
		A1E80C642A72E5FB00DE7691 /* Build configuration list for PBXNativeTarget "StarlingRoundUpUIKitTests" */ = {
			isa = XCConfigurationList;
			buildConfigurations = (
				A1E80C652A72E5FB00DE7691 /* Debug */,
				A1E80C662A72E5FB00DE7691 /* Release */,
			);
			defaultConfigurationIsVisible = 0;
			defaultConfigurationName = Release;
		};
		A1E80C672A72E5FB00DE7691 /* Build configuration list for PBXNativeTarget "StarlingRoundUpUIKitUITests" */ = {
			isa = XCConfigurationList;
			buildConfigurations = (
				A1E80C682A72E5FB00DE7691 /* Debug */,
				A1E80C692A72E5FB00DE7691 /* Release */,
			);
			defaultConfigurationIsVisible = 0;
			defaultConfigurationName = Release;
		};
/* End XCConfigurationList section */
	};
	rootObject = A1E80C2F2A72E5F700DE7691 /* Project object */;
}
